PODS:
  - Kiwi (3.0.0)
  - KTFoundation (0.1.0):
    - KTFoundation/Macros (= 0.1.0)
  - KTFoundation/Macros (0.1.0)

DEPENDENCIES:
  - Kiwi
  - KTFoundation (from `../`)

SPEC REPOS:
  trunk:
    - Kiwi

EXTERNAL SOURCES:
  KTFoundation:
    :path: "../"

SPEC CHECKSUMS:
  Kiwi: fbeafef0f00e4d8f7dcb3420a4930afe70af77f7
  KTFoundation: 7b2e4968e8aaeb5df82722b41e3e83e2714bccb4

PODFILE CHECKSUM: c9723973356c04fa0cb5e745a141b5ea07ae2e9e

COCOAPODS: 1.10.1
