PODS:
  - Kiwi (3.0.0)
  - KTFoundation (1.0.6):
    - KTFoundation/Category (= 1.0.6)
    - KTFoundation/Device (= 1.0.6)
    - KTFoundation/Macros (= 1.0.6)
    - KTFoundation/Sandbox (= 1.0.6)
    - KTFoundation/Store (= 1.0.6)
  - KTFoundation/Category (1.0.6):
    - KTFoundation/Macros
  - KTFoundation/Device (1.0.6)
  - KTFoundation/Macros (1.0.6)
  - KTFoundation/Sandbox (1.0.6)
  - KTFoundation/Store (1.0.6):
    - MMKV
  - MMKV (1.2.12):
    - MMKVCore (~> 1.2.12)
  - MMKVCore (1.2.12)

DEPENDENCIES:
  - Kiwi
  - KTFoundation (from `../`)

SPEC REPOS:
  trunk:
    - Kiwi
    - MMKV
    - MMKVCore

EXTERNAL SOURCES:
  KTFoundation:
    :path: "../"

SPEC CHECKSUMS:
  Kiwi: fbeafef0f00e4d8f7dcb3420a4930afe70af77f7
  KTFoundation: 17e61af1cab0926063eb3fb41fefd733fd9ccf4b
  MMKV: f281020c9d9be5eb7a03ae746dc4deb570e46c23
  MMKVCore: df0565f6b58463604731a68ba6cd89bc0b2d1d55

PODFILE CHECKSUM: c9723973356c04fa0cb5e745a141b5ea07ae2e9e

COCOAPODS: 1.11.3
